
Microsoft Visual Studio Solution File, Format Version 12.00
# Visual Studio Version 17
VisualStudioVersion = 17.6.33829.357
MinimumVisualStudioVersion = 10.0.40219.1
Project("{FAE04EC0-301F-11D3-BF4B-00C04F79EFBC}") = "TahilBorsasi.Api", "TahilBorsasi\TahilBorsasi.Api.csproj", "{267B6437-E261-40E5-885C-04181A874334}"
EndProject
Project("{FAE04EC0-301F-11D3-BF4B-00C04F79EFBC}") = "TahilBorsasi.Model", "TahilBorsasi_Model\TahilBorsasi.Model.csproj", "{B261E626-7699-4CAD-AB1A-BA6D3FA39B77}"
EndProject
Project("{FAE04EC0-301F-11D3-BF4B-00C04F79EFBC}") = "TahilBorsasi.Repository", "TahilBorsasi.Repository\TahilBorsasi.Repository.csproj", "{616BBCCA-C166-418D-8D72-2363B4602DEB}"
EndProject
Global
	GlobalSection(SolutionConfigurationPlatforms) = preSolution
		Debug|Any CPU = Debug|Any CPU
		Release|Any CPU = Release|Any CPU
	EndGlobalSection
	GlobalSection(ProjectConfigurationPlatforms) = postSolution
		{267B6437-E261-40E5-885C-04181A874334}.Debug|Any CPU.ActiveCfg = Debug|Any CPU
		{267B6437-E261-40E5-885C-04181A874334}.Debug|Any CPU.Build.0 = Debug|Any CPU
		{267B6437-E261-40E5-885C-04181A874334}.Release|Any CPU.ActiveCfg = Release|Any CPU
		{267B6437-E261-40E5-885C-04181A874334}.Release|Any CPU.Build.0 = Release|Any CPU
		{B261E626-7699-4CAD-AB1A-BA6D3FA39B77}.Debug|Any CPU.ActiveCfg = Debug|Any CPU
		{B261E626-7699-4CAD-AB1A-BA6D3FA39B77}.Debug|Any CPU.Build.0 = Debug|Any CPU
		{B261E626-7699-4CAD-AB1A-BA6D3FA39B77}.Release|Any CPU.ActiveCfg = Release|Any CPU
		{B261E626-7699-4CAD-AB1A-BA6D3FA39B77}.Release|Any CPU.Build.0 = Release|Any CPU
		{616BBCCA-C166-418D-8D72-2363B4602DEB}.Debug|Any CPU.ActiveCfg = Debug|Any CPU
		{616BBCCA-C166-418D-8D72-2363B4602DEB}.Debug|Any CPU.Build.0 = Debug|Any CPU
		{616BBCCA-C166-418D-8D72-2363B4602DEB}.Release|Any CPU.ActiveCfg = Release|Any CPU
		{616BBCCA-C166-418D-8D72-2363B4602DEB}.Release|Any CPU.Build.0 = Release|Any CPU
	EndGlobalSection
	GlobalSection(SolutionProperties) = preSolution
		HideSolutionNode = FALSE
	EndGlobalSection
	GlobalSection(ExtensibilityGlobals) = postSolution
		SolutionGuid = {1E2F420B-3698-4735-8F7D-AAB0EA65DF98}
	EndGlobalSection
EndGlobal
